
Microsoft Visual Studio Solution File, Format Version 12.00
# Visual Studio 15
VisualStudioVersion = 15.0.28307.1022
MinimumVisualStudioVersion = 10.0.40219.1
Project("{FAE04EC0-301F-11D3-BF4B-00C04F79EFBC}") = "callBackApplication", "callBackApplication\callBackApplication.csproj", "{98235D6A-B624-4907-B2BD-FD806D5B347B}"
EndProject
Global
	GlobalSection(SolutionConfigurationPlatforms) = preSolution
		Debug|Any CPU = Debug|Any CPU
		Release|Any CPU = Release|Any CPU
	EndGlobalSection
	GlobalSection(ProjectConfigurationPlatforms) = postSolution
		{98235D6A-B624-4907-B2BD-FD806D5B347B}.Debug|Any CPU.ActiveCfg = Debug|Any CPU
		{98235D6A-B624-4907-B2BD-FD806D5B347B}.Debug|Any CPU.Build.0 = Debug|Any CPU
		{98235D6A-B624-4907-B2BD-FD806D5B347B}.Release|Any CPU.ActiveCfg = Release|Any CPU
		{98235D6A-B624-4907-B2BD-FD806D5B347B}.Release|Any CPU.Build.0 = Release|Any CPU
	EndGlobalSection
	GlobalSection(SolutionProperties) = preSolution
		HideSolutionNode = FALSE
	EndGlobalSection
	GlobalSection(ExtensibilityGlobals) = postSolution
		SolutionGuid = {4E7CF9FB-9C44-4844-B105-92B7E9A8EB53}
	EndGlobalSection
EndGlobal
