
Microsoft Visual Studio Solution File, Format Version 12.00
# Visual Studio 15
VisualStudioVersion = 15.0.28307.1145
MinimumVisualStudioVersion = 10.0.40219.1
Project("{FAE04EC0-301F-11D3-BF4B-00C04F79EFBC}") = "MeshConfigDhcpServer", "MeshConfigDhcpServer\MeshConfigDhcpServer.csproj", "{53257B04-87AC-43F2-86EC-DD2003DF184C}"
EndProject
Global
	GlobalSection(SolutionConfigurationPlatforms) = preSolution
		Debug|Any CPU = Debug|Any CPU
		Release|Any CPU = Release|Any CPU
	EndGlobalSection
	GlobalSection(ProjectConfigurationPlatforms) = postSolution
		{53257B04-87AC-43F2-86EC-DD2003DF184C}.Debug|Any CPU.ActiveCfg = Debug|Any CPU
		{53257B04-87AC-43F2-86EC-DD2003DF184C}.Debug|Any CPU.Build.0 = Debug|Any CPU
		{53257B04-87AC-43F2-86EC-DD2003DF184C}.Release|Any CPU.ActiveCfg = Release|Any CPU
		{53257B04-87AC-43F2-86EC-DD2003DF184C}.Release|Any CPU.Build.0 = Release|Any CPU
	EndGlobalSection
	GlobalSection(SolutionProperties) = preSolution
		HideSolutionNode = FALSE
	EndGlobalSection
	GlobalSection(ExtensibilityGlobals) = postSolution
		SolutionGuid = {82828B12-A5AD-4B13-A5C3-AE579E69A1B7}
	EndGlobalSection
EndGlobal
